// !$*UTF8*$!
{
	archiveVersion = 1;
	classes = {
	};
	objectVersion = 77;
	objects = {

/* Begin PBXBuildFile section */
		064686D8312E904BB7551E50 /* DatePickerSheet.swift in Sources */ = {isa = PBXBuildFile; fileRef = 97172AC812D15F92F53781D3 /* DatePickerSheet.swift */; };
		06656A479C4C1B649CAEBA9A /* DeductionFormView.swift in Sources */ = {isa = PBXBuildFile; fileRef = D5F0F057A8E7E2481CFBB551 /* DeductionFormView.swift */; };
		068AE792736686A813C55A6B /* GRDB in Frameworks */ = {isa = PBXBuildFile; productRef = 337523B1FFA6CF8E7367297A /* GRDB */; };
		07A3336A9AE2BD9506A381B0 /* VacationPlanningView.swift in Sources */ = {isa = PBXBuildFile; fileRef = DFFFDBD35C3236A51E85995E /* VacationPlanningView.swift */; };
		0D83B35BD9E119FD4E72B988 /* YearlySchedulePDF.swift in Sources */ = {isa = PBXBuildFile; fileRef = 81D8704FEAEE4BC47DE5B56A /* YearlySchedulePDF.swift */; };
		0F99B31D6D6D55BA6259B391 /* WeeklySchedulePDF.swift in Sources */ = {isa = PBXBuildFile; fileRef = 600ACB7C71511AA19FDDA893 /* WeeklySchedulePDF.swift */; };
		124F385E0B488FF03FF241BE /* DeductionsRepository.swift in Sources */ = {isa = PBXBuildFile; fileRef = 2F78B643AD9419AF190BFD1D /* DeductionsRepository.swift */; };
		129CC96B1B2D24FCA782B3D2 /* Poppins-Italic.ttf in Resources */ = {isa = PBXBuildFile; fileRef = 81C5A73BE113719713812763 /* Poppins-Italic.ttf */; };
		186D5E4E536CD6BA77B44A7E /* TabMockups.swift in Sources */ = {isa = PBXBuildFile; fileRef = C973CEE04D63A27D82B3E92E /* TabMockups.swift */; };
		19681AB429C84C04F844D388 /* Invoice.swift in Sources */ = {isa = PBXBuildFile; fileRef = 34453B01BBD51D22F1BB4B8E /* Invoice.swift */; };
		1B2BFBF043C6C5C80B894374 /* DeductionListView.swift in Sources */ = {isa = PBXBuildFile; fileRef = 07E011B5A74D7242C1087C31 /* DeductionListView.swift */; };
		1F7E84A469A1F341C026EE6B /* SchemaTests.swift in Sources */ = {isa = PBXBuildFile; fileRef = 0E94375B211BD2DEE4DD45C3 /* SchemaTests.swift */; };
		21E4E2646C1DE3F073D84866 /* WeeklyScheduleTests.swift in Sources */ = {isa = PBXBuildFile; fileRef = 0ECA73DB9C1C3E673A7F4AA0 /* WeeklyScheduleTests.swift */; };
		30617D0E2732F81D440CC296 /* Poppins-OFL.txt in Resources */ = {isa = PBXBuildFile; fileRef = A4E59059039919B4003F3F80 /* Poppins-OFL.txt */; };
		36015DD14669874C97D12512 /* PrivacySettingsView.swift in Sources */ = {isa = PBXBuildFile; fileRef = C880A009ACE5DE3FE84842CF /* PrivacySettingsView.swift */; };
		37560600E5FE38D6C0D25F33 /* StatementListView.swift in Sources */ = {isa = PBXBuildFile; fileRef = B8192FDE8D5F7321BC723B49 /* StatementListView.swift */; };
		432BAF17C343C71E44A16631 /* BackupRestoreView.swift in Sources */ = {isa = PBXBuildFile; fileRef = 36A4AB141591294EB28E4994 /* BackupRestoreView.swift */; };
		43623F8F2588870CC69B3881 /* GRDB in Frameworks */ = {isa = PBXBuildFile; productRef = 6DCAC9A581823E8925B6BCC7 /* GRDB */; };
		45D4051609D9D29343C52ACB /* AppDatabase.swift in Sources */ = {isa = PBXBuildFile; fileRef = E4B720196ADB90F27A7D484C /* AppDatabase.swift */; };
		47CF7B617C0B63C6C2AFB621 /* Poppins-Bold.ttf in Resources */ = {isa = PBXBuildFile; fileRef = 06367E739B61AF51F7C4FF04 /* Poppins-Bold.ttf */; };
		482A2150E14FD494BF2F5604 /* InvoiceListTabView.swift in Sources */ = {isa = PBXBuildFile; fileRef = A26F1C37C0DD88B65C0B1B7D /* InvoiceListTabView.swift */; };
		483F82395EDC1003C013ECB6 /* AppBar.swift in Sources */ = {isa = PBXBuildFile; fileRef = 2B8899E1688C2C21BC4E0E8F /* AppBar.swift */; };
		4E39B812D04B13209D73BEE5 /* ChildListView.swift in Sources */ = {isa = PBXBuildFile; fileRef = 2F5C6C6F4D9335B165A5D69F /* ChildListView.swift */; };
		52D58989BE894D9A128BCF94 /* Poppins-Medium.ttf in Resources */ = {isa = PBXBuildFile; fileRef = 0AE9F69D4053C285DF097217 /* Poppins-Medium.ttf */; };
		55B35E619E94DD1C7B9C43A1 /* OptionsView.swift in Sources */ = {isa = PBXBuildFile; fileRef = 6432A9D5A23C8026E77601D8 /* OptionsView.swift */; };
		561C42A17F0F174403C7E062 /* InvoiceDocument.swift in Sources */ = {isa = PBXBuildFile; fileRef = C6F6E333B3F047B9DA556DAA /* InvoiceDocument.swift */; };
		57265E437650AE531A5BBF5E /* InvoicePDFTests.swift in Sources */ = {isa = PBXBuildFile; fileRef = 11E8C110F493823D81DFEDBA /* InvoicePDFTests.swift */; };
		5888419AEB8BEDB2BCBF1EE9 /* InvoiceNotificationTests.swift in Sources */ = {isa = PBXBuildFile; fileRef = 6D947A807727E3EEEA71DD67 /* InvoiceNotificationTests.swift */; };
		58DFE42763E5C6016E308B5E /* HelpCard.swift in Sources */ = {isa = PBXBuildFile; fileRef = 95995A597391061C7718AE07 /* HelpCard.swift */; };
		5AFFADA1661B1BE0609F5A74 /* Snackbar.swift in Sources */ = {isa = PBXBuildFile; fileRef = 35A7374C8175BA570B446B3F /* Snackbar.swift */; };
		5B06F4B86931717E270861C2 /* CurvedHeader.swift in Sources */ = {isa = PBXBuildFile; fileRef = 81413E81B9F887A907E51D56 /* CurvedHeader.swift */; };
		5BE36FDAF89E0E592ADEDA02 /* ServiceFormView.swift in Sources */ = {isa = PBXBuildFile; fileRef = CB32BD9D0B330BFE250733A9 /* ServiceFormView.swift */; };
		5FB25360D67E5744F6ED0263 /* FlexRow.swift in Sources */ = {isa = PBXBuildFile; fileRef = 6867D9DAB2F0090AEB3C6B73 /* FlexRow.swift */; };
		61AE8820EA613DEF70A96B45 /* Child.swift in Sources */ = {isa = PBXBuildFile; fileRef = DA3421B826AF13DFA9BC2E56 /* Child.swift */; };
		61C1326F1CD8FCAE587125A9 /* InvoiceTests.swift in Sources */ = {isa = PBXBuildFile; fileRef = 8A27175114630AF1A175E323 /* InvoiceTests.swift */; };
		654368449C79DF2402ACF468 /* ChildrenRepository.swift in Sources */ = {isa = PBXBuildFile; fileRef = A894B27BD58F5B3EB37EFFBE /* ChildrenRepository.swift */; };
		65B1BE3210E9F04213263C62 /* Price.swift in Sources */ = {isa = PBXBuildFile; fileRef = E75A7925C2E5F1F206A130D9 /* Price.swift */; };
		65E8FDB0F717E5CCF64C8E69 /* Schedule.swift in Sources */ = {isa = PBXBuildFile; fileRef = 618D696B74C3BD7A22BCF300 /* Schedule.swift */; };
		66118BD641682145EBA08AA1 /* Statement.swift in Sources */ = {isa = PBXBuildFile; fileRef = 2964775326877EA42EF9C8D9 /* Statement.swift */; };
		675252EF32643B28FB9EED23 /* VacationPeriod.swift in Sources */ = {isa = PBXBuildFile; fileRef = 49FCD1CA6D625BA7B8BFA1FB /* VacationPeriod.swift */; };
		680CCDD7177654E86E7D7187 /* InvoicesRepository.swift in Sources */ = {isa = PBXBuildFile; fileRef = 7394AA75F2E9F273CBA0079B /* InvoicesRepository.swift */; };
		68A61FA36259B4F785B499A4 /* StatementPDF.swift in Sources */ = {isa = PBXBuildFile; fileRef = 5FA73D46CD8A3EAF78D8BE35 /* StatementPDF.swift */; };
		6C0F29EF9C3DBD5D3412EEE4 /* InvoiceSettingsView.swift in Sources */ = {isa = PBXBuildFile; fileRef = 1926295757FCDC1168264CFC /* InvoiceSettingsView.swift */; };
		6DE43AB8811212C827938D8B /* Gwendolyn-Bold.ttf in Resources */ = {isa = PBXBuildFile; fileRef = 345A7955F3694CEDB2C7D984 /* Gwendolyn-Bold.ttf */; };
		6FB16CCBDA15651250BEAB1A /* ChildFolderActionTests.swift in Sources */ = {isa = PBXBuildFile; fileRef = 301B893C6CF4E73693A97968 /* ChildFolderActionTests.swift */; };
		746CA8AA3A7349DEFA3DFF29 /* VacationPeriodEditTests.swift in Sources */ = {isa = PBXBuildFile; fileRef = 41F8ABF4F162FCBEEDD201CE /* VacationPeriodEditTests.swift */; };
		751F358F120AB404BBCB8687 /* VacationPeriodRepository.swift in Sources */ = {isa = PBXBuildFile; fileRef = 9073F029C8EE5452D02F3C57 /* VacationPeriodRepository.swift */; };
		7FB274102193737589F09ACA /* ChildFolderAction.swift in Sources */ = {isa = PBXBuildFile; fileRef = 3360A922C5D5D61FADB87172 /* ChildFolderAction.swift */; };
		7FD8513738C8A5BDDD4E5377 /* PriceListView.swift in Sources */ = {isa = PBXBuildFile; fileRef = 539F155AAA079AA413F838AE /* PriceListView.swift */; };
		82ADF591C9251E897C301835 /* YearlyScheduleView.swift in Sources */ = {isa = PBXBuildFile; fileRef = 88D506125149C903E5ABBB0C /* YearlyScheduleView.swift */; };
		84B347EB4784B7B363B26AD7 /* TimeInputDialog.swift in Sources */ = {isa = PBXBuildFile; fileRef = BDC48DB4DD278E90496A8ECB /* TimeInputDialog.swift */; };
		85D6EAAB5EF4DEF389708DF9 /* ChildDetailView.swift in Sources */ = {isa = PBXBuildFile; fileRef = FAD5D5E045C206C6E0D388E2 /* ChildDetailView.swift */; };
		89CDD7821194EF87A994CAF2 /* MainDrawer.swift in Sources */ = {isa = PBXBuildFile; fileRef = CF6B9CC10BF3DF696E938655 /* MainDrawer.swift */; };
		8D6F7FEB1DC757D8DF58F554 /* InvoiceNotification.swift in Sources */ = {isa = PBXBuildFile; fileRef = 0AC93E49182344CC9F62BFE1 /* InvoiceNotification.swift */; };
		8F20737453DCBBADCFFDD979 /* VacationPeriodEdit.swift in Sources */ = {isa = PBXBuildFile; fileRef = 74A0E0CA2DF65070DC0D4042 /* VacationPeriodEdit.swift */; };
		91E32F52820281EA7D63A64A /* Oswald-Regular.ttf in Resources */ = {isa = PBXBuildFile; fileRef = 4571301071B7EACE2F119BE7 /* Oswald-Regular.ttf */; };
		9626AB33EC668A3BAC9FCE4F /* ServiceListTabView.swift in Sources */ = {isa = PBXBuildFile; fileRef = 0AA6446F5A5030DC851DFDDE /* ServiceListTabView.swift */; };
		964A8603979670353B347F23 /* YearlyScheduleTests.swift in Sources */ = {isa = PBXBuildFile; fileRef = 60321178B69CA414E49AD8D6 /* YearlyScheduleTests.swift */; };
		9D4A984E5E71EC8F5B38C7F5 /* AppPreferences.swift in Sources */ = {isa = PBXBuildFile; fileRef = D56B89FC3BDA9A1BD5F31E87 /* AppPreferences.swift */; };
		9EC2913241D4587828194AF3 /* Assets.xcassets in Resources */ = {isa = PBXBuildFile; fileRef = EF5ED22141B66A7790C55941 /* Assets.xcassets */; };
		9F9A31E8705D1E6FB5E66829 /* PdfPreviewView.swift in Sources */ = {isa = PBXBuildFile; fileRef = EF2CB64F21FECC8E8046D824 /* PdfPreviewView.swift */; };
		A06959E658B47C0A470674AF /* ChildStatementPDF.swift in Sources */ = {isa = PBXBuildFile; fileRef = ECE52E08139CF9ACF86516C2 /* ChildStatementPDF.swift */; };
		A35EDA5410BF3D7AE18B9DBB /* ServiceTests.swift in Sources */ = {isa = PBXBuildFile; fileRef = 7F8D966840B26450D3C2E74D /* ServiceTests.swift */; };
		A371FB68C568A018D05DC586 /* Service.swift in Sources */ = {isa = PBXBuildFile; fileRef = 61C014414D293E0B2DB8C69D /* Service.swift */; };
		A6524FDC6BEB3DA667E3913C /* MysteryQuest-Regular.ttf in Resources */ = {isa = PBXBuildFile; fileRef = D3093814810C52DEF35676C2 /* MysteryQuest-Regular.ttf */; };
		A8539E46F3C89BA7F21DD56A /* STCaiyun.ttf in Resources */ = {isa = PBXBuildFile; fileRef = E199B49199ADD037885DB36F /* STCaiyun.ttf */; };
		ADB33BF1D380C37049CF095C /* InvoicePDF.swift in Sources */ = {isa = PBXBuildFile; fileRef = 04671C3A8821B0057F71C6F7 /* InvoicePDF.swift */; };
		B2A9EC078F7132B28F2C4BDE /* Poppins-Regular.ttf in Resources */ = {isa = PBXBuildFile; fileRef = 5156BE26DDF3E7CBB1E0E352 /* Poppins-Regular.ttf */; };
		B438D78DB8E314ED50BE48B2 /* PricesRepository.swift in Sources */ = {isa = PBXBuildFile; fileRef = 222B93600CFF1B1258C0DABB /* PricesRepository.swift */; };
		B4826C7BECFAEE232BEF70AA /* MainTabView.swift in Sources */ = {isa = PBXBuildFile; fileRef = 69AEC803DAD11C0C9469E35D /* MainTabView.swift */; };
		B7A02F808FEECF316311A643 /* ServiceInfo.swift in Sources */ = {isa = PBXBuildFile; fileRef = 0FD14D0A98E5D2ED43F4E6DF /* ServiceInfo.swift */; };
		BF9FF618585CF9BE2D650A8A /* TabBar.swift in Sources */ = {isa = PBXBuildFile; fileRef = E104D00C80BE66E6D4BC181C /* TabBar.swift */; };
		C31FC6BAA85A3D166703DD3A /* ButterflyKids-Regular.ttf in Resources */ = {isa = PBXBuildFile; fileRef = 117344E28ED1C4266C3F9BAE /* ButterflyKids-Regular.ttf */; };
		C8118173F244671FAA2A1729 /* PdfText.swift in Sources */ = {isa = PBXBuildFile; fileRef = AC80997490E138C98F8DEED1 /* PdfText.swift */; };
		C9504CAE7943483EC2834C79 /* PlayfairDisplay-Italic.ttf in Resources */ = {isa = PBXBuildFile; fileRef = 537D129475EC0ECDC05F9731 /* PlayfairDisplay-Italic.ttf */; };
		CEAB64C8AB288E85E8C7A94C /* Schema.swift in Sources */ = {isa = PBXBuildFile; fileRef = B447FAD7E04AF1A72D7CA2BE /* Schema.swift */; };
		D1BC35624F2FF69B221C2316 /* Deduction.swift in Sources */ = {isa = PBXBuildFile; fileRef = 0434C58A409C67206459E451 /* Deduction.swift */; };
		D57CA6C215AAF8A66D2E7E8F /* WeeklyScheduleView.swift in Sources */ = {isa = PBXBuildFile; fileRef = E488B9C7ACD5BB59F3C46A34 /* WeeklyScheduleView.swift */; };
		D5FB15975AEF040693EA22B4 /* FloatingActionButton.swift in Sources */ = {isa = PBXBuildFile; fileRef = D4CACA2C2254283075A7D246 /* FloatingActionButton.swift */; };
		DB3206950C36088710A7C335 /* PriceFormView.swift in Sources */ = {isa = PBXBuildFile; fileRef = EF05C088DB6F0BBC4C00FD51 /* PriceFormView.swift */; };
		E407E0A9968BE7D7B4B4FD47 /* ScheduleRepository.swift in Sources */ = {isa = PBXBuildFile; fileRef = E8779315372EC32E6E9736B0 /* ScheduleRepository.swift */; };
		E4A624268EE1C4D2179F4773 /* FrederickatheGreat-Regular.ttf in Resources */ = {isa = PBXBuildFile; fileRef = 5C772AB631523D8507E5413D /* FrederickatheGreat-Regular.ttf */; };
		E6DF519EDAC2B1898FB3FAB1 /* ServicesRepository.swift in Sources */ = {isa = PBXBuildFile; fileRef = 314EB5838E5480F2A3714E41 /* ServicesRepository.swift */; };
		ED50AB7F153FE9AA382193DA /* NannyPlusApp.swift in Sources */ = {isa = PBXBuildFile; fileRef = F0191AFB20905E332D3AC811 /* NannyPlusApp.swift */; };
		F27C5611121028985BD848C7 /* Poppins-BoldItalic.ttf in Resources */ = {isa = PBXBuildFile; fileRef = 62503E5CF4A87C9F67F0C303 /* Poppins-BoldItalic.ttf */; };
		FC8CCF11C0E2D9A76695E352 /* AppSettingsView.swift in Sources */ = {isa = PBXBuildFile; fileRef = 8219EF0B11F0D7FE0776DE9D /* AppSettingsView.swift */; };
		FCBD99A4EDF383674E1F06E8 /* ChildListViewModel.swift in Sources */ = {isa = PBXBuildFile; fileRef = 9F9E332D2893229808313E83 /* ChildListViewModel.swift */; };
		FCC5BC5D32A274EBDB02B6DB /* Theme.swift in Sources */ = {isa = PBXBuildFile; fileRef = 47E19F732BAE4343A18FC9A2 /* Theme.swift */; };
/* End PBXBuildFile section */

/* Begin PBXContainerItemProxy section */
		050790168B985030B7C92558 /* PBXContainerItemProxy */ = {
			isa = PBXContainerItemProxy;
			containerPortal = 2FEAC84A55922A03CF168256 /* Project object */;
			proxyType = 1;
			remoteGlobalIDString = 83101E0DF5C2CF9A1CD6EC15;
			remoteInfo = "NannyPlus-iOS";
		};
/* End PBXContainerItemProxy section */

/* Begin PBXFileReference section */
		0043156DDCD758130CE8C06C /* NannyPlus-iOS.app */ = {isa = PBXFileReference; includeInIndex = 0; lastKnownFileType = wrapper.application; path = "NannyPlus-iOS.app"; sourceTree = BUILT_PRODUCTS_DIR; };
		0434C58A409C67206459E451 /* Deduction.swift */ = {isa = PBXFileReference; lastKnownFileType = sourcecode.swift; path = Deduction.swift; sourceTree = "<group>"; };
		04671C3A8821B0057F71C6F7 /* InvoicePDF.swift */ = {isa = PBXFileReference; lastKnownFileType = sourcecode.swift; path = InvoicePDF.swift; sourceTree = "<group>"; };
		06367E739B61AF51F7C4FF04 /* Poppins-Bold.ttf */ = {isa = PBXFileReference; lastKnownFileType = file; path = "Poppins-Bold.ttf"; sourceTree = "<group>"; };
		07E011B5A74D7242C1087C31 /* DeductionListView.swift */ = {isa = PBXFileReference; lastKnownFileType = sourcecode.swift; path = DeductionListView.swift; sourceTree = "<group>"; };
		0AA6446F5A5030DC851DFDDE /* ServiceListTabView.swift */ = {isa = PBXFileReference; lastKnownFileType = sourcecode.swift; path = ServiceListTabView.swift; sourceTree = "<group>"; };
		0AC93E49182344CC9F62BFE1 /* InvoiceNotification.swift */ = {isa = PBXFileReference; lastKnownFileType = sourcecode.swift; path = InvoiceNotification.swift; sourceTree = "<group>"; };
		0AE9F69D4053C285DF097217 /* Poppins-Medium.ttf */ = {isa = PBXFileReference; lastKnownFileType = file; path = "Poppins-Medium.ttf"; sourceTree = "<group>"; };
		0E94375B211BD2DEE4DD45C3 /* SchemaTests.swift */ = {isa = PBXFileReference; lastKnownFileType = sourcecode.swift; path = SchemaTests.swift; sourceTree = "<group>"; };
		0ECA73DB9C1C3E673A7F4AA0 /* WeeklyScheduleTests.swift */ = {isa = PBXFileReference; lastKnownFileType = sourcecode.swift; path = WeeklyScheduleTests.swift; sourceTree = "<group>"; };
		0FD14D0A98E5D2ED43F4E6DF /* ServiceInfo.swift */ = {isa = PBXFileReference; lastKnownFileType = sourcecode.swift; path = ServiceInfo.swift; sourceTree = "<group>"; };
		117344E28ED1C4266C3F9BAE /* ButterflyKids-Regular.ttf */ = {isa = PBXFileReference; lastKnownFileType = file; path = "ButterflyKids-Regular.ttf"; sourceTree = "<group>"; };
		11E8C110F493823D81DFEDBA /* InvoicePDFTests.swift */ = {isa = PBXFileReference; lastKnownFileType = sourcecode.swift; path = InvoicePDFTests.swift; sourceTree = "<group>"; };
		1926295757FCDC1168264CFC /* InvoiceSettingsView.swift */ = {isa = PBXFileReference; lastKnownFileType = sourcecode.swift; path = InvoiceSettingsView.swift; sourceTree = "<group>"; };
		222B93600CFF1B1258C0DABB /* PricesRepository.swift */ = {isa = PBXFileReference; lastKnownFileType = sourcecode.swift; path = PricesRepository.swift; sourceTree = "<group>"; };
		2964775326877EA42EF9C8D9 /* Statement.swift */ = {isa = PBXFileReference; lastKnownFileType = sourcecode.swift; path = Statement.swift; sourceTree = "<group>"; };
		2B8899E1688C2C21BC4E0E8F /* AppBar.swift */ = {isa = PBXFileReference; lastKnownFileType = sourcecode.swift; path = AppBar.swift; sourceTree = "<group>"; };
		2F5C6C6F4D9335B165A5D69F /* ChildListView.swift */ = {isa = PBXFileReference; lastKnownFileType = sourcecode.swift; path = ChildListView.swift; sourceTree = "<group>"; };
		2F78B643AD9419AF190BFD1D /* DeductionsRepository.swift */ = {isa = PBXFileReference; lastKnownFileType = sourcecode.swift; path = DeductionsRepository.swift; sourceTree = "<group>"; };
		301B893C6CF4E73693A97968 /* ChildFolderActionTests.swift */ = {isa = PBXFileReference; lastKnownFileType = sourcecode.swift; path = ChildFolderActionTests.swift; sourceTree = "<group>"; };
		314EB5838E5480F2A3714E41 /* ServicesRepository.swift */ = {isa = PBXFileReference; lastKnownFileType = sourcecode.swift; path = ServicesRepository.swift; sourceTree = "<group>"; };
		3360A922C5D5D61FADB87172 /* ChildFolderAction.swift */ = {isa = PBXFileReference; lastKnownFileType = sourcecode.swift; path = ChildFolderAction.swift; sourceTree = "<group>"; };
		34453B01BBD51D22F1BB4B8E /* Invoice.swift */ = {isa = PBXFileReference; lastKnownFileType = sourcecode.swift; path = Invoice.swift; sourceTree = "<group>"; };
		345A7955F3694CEDB2C7D984 /* Gwendolyn-Bold.ttf */ = {isa = PBXFileReference; lastKnownFileType = file; path = "Gwendolyn-Bold.ttf"; sourceTree = "<group>"; };
		35A7374C8175BA570B446B3F /* Snackbar.swift */ = {isa = PBXFileReference; lastKnownFileType = sourcecode.swift; path = Snackbar.swift; sourceTree = "<group>"; };
		36A4AB141591294EB28E4994 /* BackupRestoreView.swift */ = {isa = PBXFileReference; lastKnownFileType = sourcecode.swift; path = BackupRestoreView.swift; sourceTree = "<group>"; };
		41F8ABF4F162FCBEEDD201CE /* VacationPeriodEditTests.swift */ = {isa = PBXFileReference; lastKnownFileType = sourcecode.swift; path = VacationPeriodEditTests.swift; sourceTree = "<group>"; };
		4571301071B7EACE2F119BE7 /* Oswald-Regular.ttf */ = {isa = PBXFileReference; lastKnownFileType = file; path = "Oswald-Regular.ttf"; sourceTree = "<group>"; };
		47E19F732BAE4343A18FC9A2 /* Theme.swift */ = {isa = PBXFileReference; lastKnownFileType = sourcecode.swift; path = Theme.swift; sourceTree = "<group>"; };
		49FCD1CA6D625BA7B8BFA1FB /* VacationPeriod.swift */ = {isa = PBXFileReference; lastKnownFileType = sourcecode.swift; path = VacationPeriod.swift; sourceTree = "<group>"; };
		5156BE26DDF3E7CBB1E0E352 /* Poppins-Regular.ttf */ = {isa = PBXFileReference; lastKnownFileType = file; path = "Poppins-Regular.ttf"; sourceTree = "<group>"; };
		537D129475EC0ECDC05F9731 /* PlayfairDisplay-Italic.ttf */ = {isa = PBXFileReference; lastKnownFileType = file; path = "PlayfairDisplay-Italic.ttf"; sourceTree = "<group>"; };
		539F155AAA079AA413F838AE /* PriceListView.swift */ = {isa = PBXFileReference; lastKnownFileType = sourcecode.swift; path = PriceListView.swift; sourceTree = "<group>"; };
		5C772AB631523D8507E5413D /* FrederickatheGreat-Regular.ttf */ = {isa = PBXFileReference; lastKnownFileType = file; path = "FrederickatheGreat-Regular.ttf"; sourceTree = "<group>"; };
		5FA73D46CD8A3EAF78D8BE35 /* StatementPDF.swift */ = {isa = PBXFileReference; lastKnownFileType = sourcecode.swift; path = StatementPDF.swift; sourceTree = "<group>"; };
		600ACB7C71511AA19FDDA893 /* WeeklySchedulePDF.swift */ = {isa = PBXFileReference; lastKnownFileType = sourcecode.swift; path = WeeklySchedulePDF.swift; sourceTree = "<group>"; };
		60321178B69CA414E49AD8D6 /* YearlyScheduleTests.swift */ = {isa = PBXFileReference; lastKnownFileType = sourcecode.swift; path = YearlyScheduleTests.swift; sourceTree = "<group>"; };
		618D696B74C3BD7A22BCF300 /* Schedule.swift */ = {isa = PBXFileReference; lastKnownFileType = sourcecode.swift; path = Schedule.swift; sourceTree = "<group>"; };
		61C014414D293E0B2DB8C69D /* Service.swift */ = {isa = PBXFileReference; lastKnownFileType = sourcecode.swift; path = Service.swift; sourceTree = "<group>"; };
		62503E5CF4A87C9F67F0C303 /* Poppins-BoldItalic.ttf */ = {isa = PBXFileReference; lastKnownFileType = file; path = "Poppins-BoldItalic.ttf"; sourceTree = "<group>"; };
		6432A9D5A23C8026E77601D8 /* OptionsView.swift */ = {isa = PBXFileReference; lastKnownFileType = sourcecode.swift; path = OptionsView.swift; sourceTree = "<group>"; };
		6867D9DAB2F0090AEB3C6B73 /* FlexRow.swift */ = {isa = PBXFileReference; lastKnownFileType = sourcecode.swift; path = FlexRow.swift; sourceTree = "<group>"; };
		69AEC803DAD11C0C9469E35D /* MainTabView.swift */ = {isa = PBXFileReference; lastKnownFileType = sourcecode.swift; path = MainTabView.swift; sourceTree = "<group>"; };
		6D947A807727E3EEEA71DD67 /* InvoiceNotificationTests.swift */ = {isa = PBXFileReference; lastKnownFileType = sourcecode.swift; path = InvoiceNotificationTests.swift; sourceTree = "<group>"; };
		7394AA75F2E9F273CBA0079B /* InvoicesRepository.swift */ = {isa = PBXFileReference; lastKnownFileType = sourcecode.swift; path = InvoicesRepository.swift; sourceTree = "<group>"; };
		74A0E0CA2DF65070DC0D4042 /* VacationPeriodEdit.swift */ = {isa = PBXFileReference; lastKnownFileType = sourcecode.swift; path = VacationPeriodEdit.swift; sourceTree = "<group>"; };
		7F8D966840B26450D3C2E74D /* ServiceTests.swift */ = {isa = PBXFileReference; lastKnownFileType = sourcecode.swift; path = ServiceTests.swift; sourceTree = "<group>"; };
		81413E81B9F887A907E51D56 /* CurvedHeader.swift */ = {isa = PBXFileReference; lastKnownFileType = sourcecode.swift; path = CurvedHeader.swift; sourceTree = "<group>"; };
		81C5A73BE113719713812763 /* Poppins-Italic.ttf */ = {isa = PBXFileReference; lastKnownFileType = file; path = "Poppins-Italic.ttf"; sourceTree = "<group>"; };
		81D8704FEAEE4BC47DE5B56A /* YearlySchedulePDF.swift */ = {isa = PBXFileReference; lastKnownFileType = sourcecode.swift; path = YearlySchedulePDF.swift; sourceTree = "<group>"; };
		8219EF0B11F0D7FE0776DE9D /* AppSettingsView.swift */ = {isa = PBXFileReference; lastKnownFileType = sourcecode.swift; path = AppSettingsView.swift; sourceTree = "<group>"; };
		88D506125149C903E5ABBB0C /* YearlyScheduleView.swift */ = {isa = PBXFileReference; lastKnownFileType = sourcecode.swift; path = YearlyScheduleView.swift; sourceTree = "<group>"; };
		8A27175114630AF1A175E323 /* InvoiceTests.swift */ = {isa = PBXFileReference; lastKnownFileType = sourcecode.swift; path = InvoiceTests.swift; sourceTree = "<group>"; };
		9073F029C8EE5452D02F3C57 /* VacationPeriodRepository.swift */ = {isa = PBXFileReference; lastKnownFileType = sourcecode.swift; path = VacationPeriodRepository.swift; sourceTree = "<group>"; };
		95995A597391061C7718AE07 /* HelpCard.swift */ = {isa = PBXFileReference; lastKnownFileType = sourcecode.swift; path = HelpCard.swift; sourceTree = "<group>"; };
		97172AC812D15F92F53781D3 /* DatePickerSheet.swift */ = {isa = PBXFileReference; lastKnownFileType = sourcecode.swift; path = DatePickerSheet.swift; sourceTree = "<group>"; };
		9F9E332D2893229808313E83 /* ChildListViewModel.swift */ = {isa = PBXFileReference; lastKnownFileType = sourcecode.swift; path = ChildListViewModel.swift; sourceTree = "<group>"; };
		A050463165E85DC968AB9506 /* NannyPlusTests.xctest */ = {isa = PBXFileReference; includeInIndex = 0; lastKnownFileType = wrapper.cfbundle; path = NannyPlusTests.xctest; sourceTree = BUILT_PRODUCTS_DIR; };
		A26F1C37C0DD88B65C0B1B7D /* InvoiceListTabView.swift */ = {isa = PBXFileReference; lastKnownFileType = sourcecode.swift; path = InvoiceListTabView.swift; sourceTree = "<group>"; };
		A4E59059039919B4003F3F80 /* Poppins-OFL.txt */ = {isa = PBXFileReference; lastKnownFileType = text; path = "Poppins-OFL.txt"; sourceTree = "<group>"; };
		A894B27BD58F5B3EB37EFFBE /* ChildrenRepository.swift */ = {isa = PBXFileReference; lastKnownFileType = sourcecode.swift; path = ChildrenRepository.swift; sourceTree = "<group>"; };
		AC80997490E138C98F8DEED1 /* PdfText.swift */ = {isa = PBXFileReference; lastKnownFileType = sourcecode.swift; path = PdfText.swift; sourceTree = "<group>"; };
		B447FAD7E04AF1A72D7CA2BE /* Schema.swift */ = {isa = PBXFileReference; lastKnownFileType = sourcecode.swift; path = Schema.swift; sourceTree = "<group>"; };
		B8192FDE8D5F7321BC723B49 /* StatementListView.swift */ = {isa = PBXFileReference; lastKnownFileType = sourcecode.swift; path = StatementListView.swift; sourceTree = "<group>"; };
		BDC48DB4DD278E90496A8ECB /* TimeInputDialog.swift */ = {isa = PBXFileReference; lastKnownFileType = sourcecode.swift; path = TimeInputDialog.swift; sourceTree = "<group>"; };
		C6F6E333B3F047B9DA556DAA /* InvoiceDocument.swift */ = {isa = PBXFileReference; lastKnownFileType = sourcecode.swift; path = InvoiceDocument.swift; sourceTree = "<group>"; };
		C880A009ACE5DE3FE84842CF /* PrivacySettingsView.swift */ = {isa = PBXFileReference; lastKnownFileType = sourcecode.swift; path = PrivacySettingsView.swift; sourceTree = "<group>"; };
		C973CEE04D63A27D82B3E92E /* TabMockups.swift */ = {isa = PBXFileReference; lastKnownFileType = sourcecode.swift; path = TabMockups.swift; sourceTree = "<group>"; };
		CB32BD9D0B330BFE250733A9 /* ServiceFormView.swift */ = {isa = PBXFileReference; lastKnownFileType = sourcecode.swift; path = ServiceFormView.swift; sourceTree = "<group>"; };
		CF6B9CC10BF3DF696E938655 /* MainDrawer.swift */ = {isa = PBXFileReference; lastKnownFileType = sourcecode.swift; path = MainDrawer.swift; sourceTree = "<group>"; };
		D3093814810C52DEF35676C2 /* MysteryQuest-Regular.ttf */ = {isa = PBXFileReference; lastKnownFileType = file; path = "MysteryQuest-Regular.ttf"; sourceTree = "<group>"; };
		D4CACA2C2254283075A7D246 /* FloatingActionButton.swift */ = {isa = PBXFileReference; lastKnownFileType = sourcecode.swift; path = FloatingActionButton.swift; sourceTree = "<group>"; };
		D56B89FC3BDA9A1BD5F31E87 /* AppPreferences.swift */ = {isa = PBXFileReference; lastKnownFileType = sourcecode.swift; path = AppPreferences.swift; sourceTree = "<group>"; };
		D5F0F057A8E7E2481CFBB551 /* DeductionFormView.swift */ = {isa = PBXFileReference; lastKnownFileType = sourcecode.swift; path = DeductionFormView.swift; sourceTree = "<group>"; };
		DA3421B826AF13DFA9BC2E56 /* Child.swift */ = {isa = PBXFileReference; lastKnownFileType = sourcecode.swift; path = Child.swift; sourceTree = "<group>"; };
		DFFFDBD35C3236A51E85995E /* VacationPlanningView.swift */ = {isa = PBXFileReference; lastKnownFileType = sourcecode.swift; path = VacationPlanningView.swift; sourceTree = "<group>"; };
		E104D00C80BE66E6D4BC181C /* TabBar.swift */ = {isa = PBXFileReference; lastKnownFileType = sourcecode.swift; path = TabBar.swift; sourceTree = "<group>"; };
		E199B49199ADD037885DB36F /* STCaiyun.ttf */ = {isa = PBXFileReference; lastKnownFileType = file; path = STCaiyun.ttf; sourceTree = "<group>"; };
		E488B9C7ACD5BB59F3C46A34 /* WeeklyScheduleView.swift */ = {isa = PBXFileReference; lastKnownFileType = sourcecode.swift; path = WeeklyScheduleView.swift; sourceTree = "<group>"; };
		E4B720196ADB90F27A7D484C /* AppDatabase.swift */ = {isa = PBXFileReference; lastKnownFileType = sourcecode.swift; path = AppDatabase.swift; sourceTree = "<group>"; };
		E75A7925C2E5F1F206A130D9 /* Price.swift */ = {isa = PBXFileReference; lastKnownFileType = sourcecode.swift; path = Price.swift; sourceTree = "<group>"; };
		E8779315372EC32E6E9736B0 /* ScheduleRepository.swift */ = {isa = PBXFileReference; lastKnownFileType = sourcecode.swift; path = ScheduleRepository.swift; sourceTree = "<group>"; };
		ECE52E08139CF9ACF86516C2 /* ChildStatementPDF.swift */ = {isa = PBXFileReference; lastKnownFileType = sourcecode.swift; path = ChildStatementPDF.swift; sourceTree = "<group>"; };
		EF05C088DB6F0BBC4C00FD51 /* PriceFormView.swift */ = {isa = PBXFileReference; lastKnownFileType = sourcecode.swift; path = PriceFormView.swift; sourceTree = "<group>"; };
		EF2CB64F21FECC8E8046D824 /* PdfPreviewView.swift */ = {isa = PBXFileReference; lastKnownFileType = sourcecode.swift; path = PdfPreviewView.swift; sourceTree = "<group>"; };
		EF5ED22141B66A7790C55941 /* Assets.xcassets */ = {isa = PBXFileReference; lastKnownFileType = folder.assetcatalog; path = Assets.xcassets; sourceTree = "<group>"; };
		F0191AFB20905E332D3AC811 /* NannyPlusApp.swift */ = {isa = PBXFileReference; lastKnownFileType = sourcecode.swift; path = NannyPlusApp.swift; sourceTree = "<group>"; };
		FAD5D5E045C206C6E0D388E2 /* ChildDetailView.swift */ = {isa = PBXFileReference; lastKnownFileType = sourcecode.swift; path = ChildDetailView.swift; sourceTree = "<group>"; };
/* End PBXFileReference section */

/* Begin PBXFrameworksBuildPhase section */
		152893D9BF85AD88BE601326 /* Frameworks */ = {
			isa = PBXFrameworksBuildPhase;
			buildActionMask = 2147483647;
			files = (
				068AE792736686A813C55A6B /* GRDB in Frameworks */,
			);
			runOnlyForDeploymentPostprocessing = 0;
		};
		3A31C4530078D46F856AEAA3 /* Frameworks */ = {
			isa = PBXFrameworksBuildPhase;
			buildActionMask = 2147483647;
			files = (
				43623F8F2588870CC69B3881 /* GRDB in Frameworks */,
			);
			runOnlyForDeploymentPostprocessing = 0;
		};
/* End PBXFrameworksBuildPhase section */

/* Begin PBXGroup section */
		26A3DE22BB8424FB94087A4E /* Statements */ = {
			isa = PBXGroup;
			children = (
				B8192FDE8D5F7321BC723B49 /* StatementListView.swift */,
				5FA73D46CD8A3EAF78D8BE35 /* StatementPDF.swift */,
			);
			path = Statements;
			sourceTree = "<group>";
		};
		3303FDB4AB330D90B57E3BD9 /* ChildDetail */ = {
			isa = PBXGroup;
			children = (
				FAD5D5E045C206C6E0D388E2 /* ChildDetailView.swift */,
				A26F1C37C0DD88B65C0B1B7D /* InvoiceListTabView.swift */,
				CB32BD9D0B330BFE250733A9 /* ServiceFormView.swift */,
				0AA6446F5A5030DC851DFDDE /* ServiceListTabView.swift */,
				C973CEE04D63A27D82B3E92E /* TabMockups.swift */,
				BDC48DB4DD278E90496A8ECB /* TimeInputDialog.swift */,
			);
			path = ChildDetail;
			sourceTree = "<group>";
		};
		364094782DC3D77348A118DC /* Sources */ = {
			isa = PBXGroup;
			children = (
				7101192018D0F6B82A1EB77D /* Shared */,
			);
			path = Sources;
			sourceTree = "<group>";
		};
		3B38E1BBD2FF85E288D3B882 /* Models */ = {
			isa = PBXGroup;
			children = (
				DA3421B826AF13DFA9BC2E56 /* Child.swift */,
				0434C58A409C67206459E451 /* Deduction.swift */,
				34453B01BBD51D22F1BB4B8E /* Invoice.swift */,
				E75A7925C2E5F1F206A130D9 /* Price.swift */,
				618D696B74C3BD7A22BCF300 /* Schedule.swift */,
				61C014414D293E0B2DB8C69D /* Service.swift */,
				0FD14D0A98E5D2ED43F4E6DF /* ServiceInfo.swift */,
				2964775326877EA42EF9C8D9 /* Statement.swift */,
				49FCD1CA6D625BA7B8BFA1FB /* VacationPeriod.swift */,
			);
			path = Models;
			sourceTree = "<group>";
		};
		409FD87787B5C9A4474A2E1B /* InvoiceSettings */ = {
			isa = PBXGroup;
			children = (
				1926295757FCDC1168264CFC /* InvoiceSettingsView.swift */,
			);
			path = InvoiceSettings;
			sourceTree = "<group>";
		};
		43AAA38B0A3F69F62E6D01B0 /* PriceList */ = {
			isa = PBXGroup;
			children = (
				EF05C088DB6F0BBC4C00FD51 /* PriceFormView.swift */,
				539F155AAA079AA413F838AE /* PriceListView.swift */,
			);
			path = PriceList;
			sourceTree = "<group>";
		};
		454D7769D2038E14215373F5 /* Features */ = {
			isa = PBXGroup;
			children = (
				7467D1F68BFA15DB6D3A2937 /* AppSettings */,
				AD4E3C64F8EB9EA5EC3EF01A /* BackupRestore */,
				3303FDB4AB330D90B57E3BD9 /* ChildDetail */,
				C0A44A17096A590D2F2831D6 /* ChildList */,
				635ECFE50A348AA4D222DF94 /* Deductions */,
				F8E83AF637094DA118EE6212 /* Invoices */,
				409FD87787B5C9A4474A2E1B /* InvoiceSettings */,
				6D5BE281BBC616A511948AE6 /* Options */,
				43AAA38B0A3F69F62E6D01B0 /* PriceList */,
				C8EFDC0648A9644C4C4324E6 /* PrivacySettings */,
				C6946203AD78BDDD96509CE0 /* Shell */,
				26A3DE22BB8424FB94087A4E /* Statements */,
				D832C404FA0BD4B662F4384E /* VacationPlanning */,
				D65E5FAA05F061AF205D35D0 /* WeeklySchedule */,
				EB68D5423AAD44AA5EC7E31C /* YearlySchedule */,
			);
			path = Features;
			sourceTree = "<group>";
		};
		635ECFE50A348AA4D222DF94 /* Deductions */ = {
			isa = PBXGroup;
			children = (
				D5F0F057A8E7E2481CFBB551 /* DeductionFormView.swift */,
				07E011B5A74D7242C1087C31 /* DeductionListView.swift */,
			);
			path = Deductions;
			sourceTree = "<group>";
		};
		6D5BE281BBC616A511948AE6 /* Options */ = {
			isa = PBXGroup;
			children = (
				6432A9D5A23C8026E77601D8 /* OptionsView.swift */,
			);
			path = Options;
			sourceTree = "<group>";
		};
		7101192018D0F6B82A1EB77D /* Shared */ = {
			isa = PBXGroup;
			children = (
				EA35A2B17095F26DF6B6B018 /* App */,
				7C9BEA7ED041AED2C22FFE82 /* Data */,
				FB9BEF0FEB83FDF96E119918 /* Design */,
				454D7769D2038E14215373F5 /* Features */,
				E5ECB338A97E12DA64ADC34C /* Preferences */,
			);
			path = Shared;
			sourceTree = "<group>";
		};
		7467D1F68BFA15DB6D3A2937 /* AppSettings */ = {
			isa = PBXGroup;
			children = (
				8219EF0B11F0D7FE0776DE9D /* AppSettingsView.swift */,
			);
			path = AppSettings;
			sourceTree = "<group>";
		};
		7B0752653AA36D31E8623D5D /* Fonts */ = {
			isa = PBXGroup;
			children = (
				117344E28ED1C4266C3F9BAE /* ButterflyKids-Regular.ttf */,
				5C772AB631523D8507E5413D /* FrederickatheGreat-Regular.ttf */,
				345A7955F3694CEDB2C7D984 /* Gwendolyn-Bold.ttf */,
				D3093814810C52DEF35676C2 /* MysteryQuest-Regular.ttf */,
				4571301071B7EACE2F119BE7 /* Oswald-Regular.ttf */,
				537D129475EC0ECDC05F9731 /* PlayfairDisplay-Italic.ttf */,
				06367E739B61AF51F7C4FF04 /* Poppins-Bold.ttf */,
				62503E5CF4A87C9F67F0C303 /* Poppins-BoldItalic.ttf */,
				81C5A73BE113719713812763 /* Poppins-Italic.ttf */,
				0AE9F69D4053C285DF097217 /* Poppins-Medium.ttf */,
				A4E59059039919B4003F3F80 /* Poppins-OFL.txt */,
				5156BE26DDF3E7CBB1E0E352 /* Poppins-Regular.ttf */,
				E199B49199ADD037885DB36F /* STCaiyun.ttf */,
			);
			path = Fonts;
			sourceTree = "<group>";
		};
		7C9BEA7ED041AED2C22FFE82 /* Data */ = {
			isa = PBXGroup;
			children = (
				E4B720196ADB90F27A7D484C /* AppDatabase.swift */,
				B447FAD7E04AF1A72D7CA2BE /* Schema.swift */,
				3B38E1BBD2FF85E288D3B882 /* Models */,
				85E19690F0818AEE8F4AD5A7 /* Repositories */,
			);
			path = Data;
			sourceTree = "<group>";
		};
		85E19690F0818AEE8F4AD5A7 /* Repositories */ = {
			isa = PBXGroup;
			children = (
				A894B27BD58F5B3EB37EFFBE /* ChildrenRepository.swift */,
				2F78B643AD9419AF190BFD1D /* DeductionsRepository.swift */,
				7394AA75F2E9F273CBA0079B /* InvoicesRepository.swift */,
				222B93600CFF1B1258C0DABB /* PricesRepository.swift */,
				E8779315372EC32E6E9736B0 /* ScheduleRepository.swift */,
				314EB5838E5480F2A3714E41 /* ServicesRepository.swift */,
				9073F029C8EE5452D02F3C57 /* VacationPeriodRepository.swift */,
			);
			path = Repositories;
			sourceTree = "<group>";
		};
		8A0DA9A2C62333DBC57DC251 /* Tests */ = {
			isa = PBXGroup;
			children = (
				301B893C6CF4E73693A97968 /* ChildFolderActionTests.swift */,
				6D947A807727E3EEEA71DD67 /* InvoiceNotificationTests.swift */,
				11E8C110F493823D81DFEDBA /* InvoicePDFTests.swift */,
				8A27175114630AF1A175E323 /* InvoiceTests.swift */,
				0E94375B211BD2DEE4DD45C3 /* SchemaTests.swift */,
				7F8D966840B26450D3C2E74D /* ServiceTests.swift */,
				41F8ABF4F162FCBEEDD201CE /* VacationPeriodEditTests.swift */,
				0ECA73DB9C1C3E673A7F4AA0 /* WeeklyScheduleTests.swift */,
				60321178B69CA414E49AD8D6 /* YearlyScheduleTests.swift */,
			);
			path = Tests;
			sourceTree = "<group>";
		};
		8F39A5BC12BCBA4570263EDC = {
			isa = PBXGroup;
			children = (
				C6780106EC9A39F22DB9C523 /* Resources */,
				364094782DC3D77348A118DC /* Sources */,
				8A0DA9A2C62333DBC57DC251 /* Tests */,
				E826AA60EB97E2369499CDBC /* Products */,
			);
			sourceTree = "<group>";
		};
		AD4E3C64F8EB9EA5EC3EF01A /* BackupRestore */ = {
			isa = PBXGroup;
			children = (
				36A4AB141591294EB28E4994 /* BackupRestoreView.swift */,
			);
			path = BackupRestore;
			sourceTree = "<group>";
		};
		C0A44A17096A590D2F2831D6 /* ChildList */ = {
			isa = PBXGroup;
			children = (
				3360A922C5D5D61FADB87172 /* ChildFolderAction.swift */,
				2F5C6C6F4D9335B165A5D69F /* ChildListView.swift */,
				9F9E332D2893229808313E83 /* ChildListViewModel.swift */,
			);
			path = ChildList;
			sourceTree = "<group>";
		};
		C6780106EC9A39F22DB9C523 /* Resources */ = {
			isa = PBXGroup;
			children = (
				EF5ED22141B66A7790C55941 /* Assets.xcassets */,
				7B0752653AA36D31E8623D5D /* Fonts */,
			);
			path = Resources;
			sourceTree = "<group>";
		};
		C6946203AD78BDDD96509CE0 /* Shell */ = {
			isa = PBXGroup;
			children = (
				2B8899E1688C2C21BC4E0E8F /* AppBar.swift */,
				81413E81B9F887A907E51D56 /* CurvedHeader.swift */,
				97172AC812D15F92F53781D3 /* DatePickerSheet.swift */,
				6867D9DAB2F0090AEB3C6B73 /* FlexRow.swift */,
				D4CACA2C2254283075A7D246 /* FloatingActionButton.swift */,
				95995A597391061C7718AE07 /* HelpCard.swift */,
				CF6B9CC10BF3DF696E938655 /* MainDrawer.swift */,
				69AEC803DAD11C0C9469E35D /* MainTabView.swift */,
				EF2CB64F21FECC8E8046D824 /* PdfPreviewView.swift */,
				35A7374C8175BA570B446B3F /* Snackbar.swift */,
				E104D00C80BE66E6D4BC181C /* TabBar.swift */,
			);
			path = Shell;
			sourceTree = "<group>";
		};
		C8EFDC0648A9644C4C4324E6 /* PrivacySettings */ = {
			isa = PBXGroup;
			children = (
				C880A009ACE5DE3FE84842CF /* PrivacySettingsView.swift */,
			);
			path = PrivacySettings;
			sourceTree = "<group>";
		};
		D65E5FAA05F061AF205D35D0 /* WeeklySchedule */ = {
			isa = PBXGroup;
			children = (
				600ACB7C71511AA19FDDA893 /* WeeklySchedulePDF.swift */,
				E488B9C7ACD5BB59F3C46A34 /* WeeklyScheduleView.swift */,
			);
			path = WeeklySchedule;
			sourceTree = "<group>";
		};
		D832C404FA0BD4B662F4384E /* VacationPlanning */ = {
			isa = PBXGroup;
			children = (
				74A0E0CA2DF65070DC0D4042 /* VacationPeriodEdit.swift */,
				DFFFDBD35C3236A51E85995E /* VacationPlanningView.swift */,
			);
			path = VacationPlanning;
			sourceTree = "<group>";
		};
		E5ECB338A97E12DA64ADC34C /* Preferences */ = {
			isa = PBXGroup;
			children = (
				D56B89FC3BDA9A1BD5F31E87 /* AppPreferences.swift */,
			);
			path = Preferences;
			sourceTree = "<group>";
		};
		E826AA60EB97E2369499CDBC /* Products */ = {
			isa = PBXGroup;
			children = (
				0043156DDCD758130CE8C06C /* NannyPlus-iOS.app */,
				A050463165E85DC968AB9506 /* NannyPlusTests.xctest */,
			);
			name = Products;
			sourceTree = "<group>";
		};
		EA35A2B17095F26DF6B6B018 /* App */ = {
			isa = PBXGroup;
			children = (
				F0191AFB20905E332D3AC811 /* NannyPlusApp.swift */,
			);
			path = App;
			sourceTree = "<group>";
		};
		EB68D5423AAD44AA5EC7E31C /* YearlySchedule */ = {
			isa = PBXGroup;
			children = (
				81D8704FEAEE4BC47DE5B56A /* YearlySchedulePDF.swift */,
				88D506125149C903E5ABBB0C /* YearlyScheduleView.swift */,
			);
			path = YearlySchedule;
			sourceTree = "<group>";
		};
		F8E83AF637094DA118EE6212 /* Invoices */ = {
			isa = PBXGroup;
			children = (
				ECE52E08139CF9ACF86516C2 /* ChildStatementPDF.swift */,
				C6F6E333B3F047B9DA556DAA /* InvoiceDocument.swift */,
				0AC93E49182344CC9F62BFE1 /* InvoiceNotification.swift */,
				04671C3A8821B0057F71C6F7 /* InvoicePDF.swift */,
			);
			path = Invoices;
			sourceTree = "<group>";
		};
		FB9BEF0FEB83FDF96E119918 /* Design */ = {
			isa = PBXGroup;
			children = (
				AC80997490E138C98F8DEED1 /* PdfText.swift */,
				47E19F732BAE4343A18FC9A2 /* Theme.swift */,
			);
			path = Design;
			sourceTree = "<group>";
		};
/* End PBXGroup section */

/* Begin PBXNativeTarget section */
		0E3EC56AA13E27B6D6CE7603 /* NannyPlusTests */ = {
			isa = PBXNativeTarget;
			buildConfigurationList = C05C2E05DF95546811A65138 /* Build configuration list for PBXNativeTarget "NannyPlusTests" */;
			buildPhases = (
				B4EB3C89A2E010F146BF4A09 /* Sources */,
				3A31C4530078D46F856AEAA3 /* Frameworks */,
			);
			buildRules = (
			);
			dependencies = (
				96F8A5FD33E69B31FE204CD3 /* PBXTargetDependency */,
			);
			name = NannyPlusTests;
			packageProductDependencies = (
				6DCAC9A581823E8925B6BCC7 /* GRDB */,
			);
			productName = NannyPlusTests;
			productReference = A050463165E85DC968AB9506 /* NannyPlusTests.xctest */;
			productType = "com.apple.product-type.bundle.unit-test";
		};
		83101E0DF5C2CF9A1CD6EC15 /* NannyPlus-iOS */ = {
			isa = PBXNativeTarget;
			buildConfigurationList = 91ABB699401050E3146F11B1 /* Build configuration list for PBXNativeTarget "NannyPlus-iOS" */;
			buildPhases = (
				97328C39DA39E3569EC39950 /* Sources */,
				97CC3D9546BEDA8EC80F2EA0 /* Resources */,
				152893D9BF85AD88BE601326 /* Frameworks */,
			);
			buildRules = (
			);
			dependencies = (
			);
			name = "NannyPlus-iOS";
			packageProductDependencies = (
				337523B1FFA6CF8E7367297A /* GRDB */,
			);
			productName = "NannyPlus-iOS";
			productReference = 0043156DDCD758130CE8C06C /* NannyPlus-iOS.app */;
			productType = "com.apple.product-type.application";
		};
/* End PBXNativeTarget section */

/* Begin PBXProject section */
		2FEAC84A55922A03CF168256 /* Project object */ = {
			isa = PBXProject;
			attributes = {
				BuildIndependentTargetsInParallel = YES;
				LastUpgradeCheck = 1430;
				TargetAttributes = {
					0E3EC56AA13E27B6D6CE7603 = {
						DevelopmentTeam = WFMP87LTRX;
					};
					83101E0DF5C2CF9A1CD6EC15 = {
						DevelopmentTeam = WFMP87LTRX;
					};
				};
			};
			buildConfigurationList = C1F0FB70506E9E129CD6EB7D /* Build configuration list for PBXProject "NannyPlus" */;
			developmentRegion = fr;
			hasScannedForEncodings = 0;
			knownRegions = (
				Base,
				fr,
			);
			mainGroup = 8F39A5BC12BCBA4570263EDC;
			minimizedProjectReferenceProxies = 1;
			packageReferences = (
				6FCFD849AD68A3EBD525E195 /* XCRemoteSwiftPackageReference "GRDB.swift" */,
			);
			preferredProjectObjectVersion = 77;
			productRefGroup = E826AA60EB97E2369499CDBC /* Products */;
			projectDirPath = "";
			projectRoot = "";
			targets = (
				83101E0DF5C2CF9A1CD6EC15 /* NannyPlus-iOS */,
				0E3EC56AA13E27B6D6CE7603 /* NannyPlusTests */,
			);
		};
/* End PBXProject section */

/* Begin PBXResourcesBuildPhase section */
		97CC3D9546BEDA8EC80F2EA0 /* Resources */ = {
			isa = PBXResourcesBuildPhase;
			buildActionMask = 2147483647;
			files = (
				9EC2913241D4587828194AF3 /* Assets.xcassets in Resources */,
				C31FC6BAA85A3D166703DD3A /* ButterflyKids-Regular.ttf in Resources */,
				E4A624268EE1C4D2179F4773 /* FrederickatheGreat-Regular.ttf in Resources */,
				6DE43AB8811212C827938D8B /* Gwendolyn-Bold.ttf in Resources */,
				A6524FDC6BEB3DA667E3913C /* MysteryQuest-Regular.ttf in Resources */,
				91E32F52820281EA7D63A64A /* Oswald-Regular.ttf in Resources */,
				C9504CAE7943483EC2834C79 /* PlayfairDisplay-Italic.ttf in Resources */,
				47CF7B617C0B63C6C2AFB621 /* Poppins-Bold.ttf in Resources */,
				F27C5611121028985BD848C7 /* Poppins-BoldItalic.ttf in Resources */,
				129CC96B1B2D24FCA782B3D2 /* Poppins-Italic.ttf in Resources */,
				52D58989BE894D9A128BCF94 /* Poppins-Medium.ttf in Resources */,
				30617D0E2732F81D440CC296 /* Poppins-OFL.txt in Resources */,
				B2A9EC078F7132B28F2C4BDE /* Poppins-Regular.ttf in Resources */,
				A8539E46F3C89BA7F21DD56A /* STCaiyun.ttf in Resources */,
			);
			runOnlyForDeploymentPostprocessing = 0;
		};
/* End PBXResourcesBuildPhase section */

/* Begin PBXSourcesBuildPhase section */
		97328C39DA39E3569EC39950 /* Sources */ = {
			isa = PBXSourcesBuildPhase;
			buildActionMask = 2147483647;
			files = (
				483F82395EDC1003C013ECB6 /* AppBar.swift in Sources */,
				45D4051609D9D29343C52ACB /* AppDatabase.swift in Sources */,
				9D4A984E5E71EC8F5B38C7F5 /* AppPreferences.swift in Sources */,
				FC8CCF11C0E2D9A76695E352 /* AppSettingsView.swift in Sources */,
				432BAF17C343C71E44A16631 /* BackupRestoreView.swift in Sources */,
				61AE8820EA613DEF70A96B45 /* Child.swift in Sources */,
				85D6EAAB5EF4DEF389708DF9 /* ChildDetailView.swift in Sources */,
				7FB274102193737589F09ACA /* ChildFolderAction.swift in Sources */,
				4E39B812D04B13209D73BEE5 /* ChildListView.swift in Sources */,
				FCBD99A4EDF383674E1F06E8 /* ChildListViewModel.swift in Sources */,
				A06959E658B47C0A470674AF /* ChildStatementPDF.swift in Sources */,
				654368449C79DF2402ACF468 /* ChildrenRepository.swift in Sources */,
				5B06F4B86931717E270861C2 /* CurvedHeader.swift in Sources */,
				064686D8312E904BB7551E50 /* DatePickerSheet.swift in Sources */,
				D1BC35624F2FF69B221C2316 /* Deduction.swift in Sources */,
				06656A479C4C1B649CAEBA9A /* DeductionFormView.swift in Sources */,
				1B2BFBF043C6C5C80B894374 /* DeductionListView.swift in Sources */,
				124F385E0B488FF03FF241BE /* DeductionsRepository.swift in Sources */,
				5FB25360D67E5744F6ED0263 /* FlexRow.swift in Sources */,
				D5FB15975AEF040693EA22B4 /* FloatingActionButton.swift in Sources */,
				58DFE42763E5C6016E308B5E /* HelpCard.swift in Sources */,
				19681AB429C84C04F844D388 /* Invoice.swift in Sources */,
				561C42A17F0F174403C7E062 /* InvoiceDocument.swift in Sources */,
				482A2150E14FD494BF2F5604 /* InvoiceListTabView.swift in Sources */,
				8D6F7FEB1DC757D8DF58F554 /* InvoiceNotification.swift in Sources */,
				ADB33BF1D380C37049CF095C /* InvoicePDF.swift in Sources */,
				6C0F29EF9C3DBD5D3412EEE4 /* InvoiceSettingsView.swift in Sources */,
				680CCDD7177654E86E7D7187 /* InvoicesRepository.swift in Sources */,
				89CDD7821194EF87A994CAF2 /* MainDrawer.swift in Sources */,
				B4826C7BECFAEE232BEF70AA /* MainTabView.swift in Sources */,
				ED50AB7F153FE9AA382193DA /* NannyPlusApp.swift in Sources */,
				55B35E619E94DD1C7B9C43A1 /* OptionsView.swift in Sources */,
				9F9A31E8705D1E6FB5E66829 /* PdfPreviewView.swift in Sources */,
				C8118173F244671FAA2A1729 /* PdfText.swift in Sources */,
				65B1BE3210E9F04213263C62 /* Price.swift in Sources */,
				DB3206950C36088710A7C335 /* PriceFormView.swift in Sources */,
				7FD8513738C8A5BDDD4E5377 /* PriceListView.swift in Sources */,
				B438D78DB8E314ED50BE48B2 /* PricesRepository.swift in Sources */,
				36015DD14669874C97D12512 /* PrivacySettingsView.swift in Sources */,
				65E8FDB0F717E5CCF64C8E69 /* Schedule.swift in Sources */,
				E407E0A9968BE7D7B4B4FD47 /* ScheduleRepository.swift in Sources */,
				CEAB64C8AB288E85E8C7A94C /* Schema.swift in Sources */,
				A371FB68C568A018D05DC586 /* Service.swift in Sources */,
				5BE36FDAF89E0E592ADEDA02 /* ServiceFormView.swift in Sources */,
				B7A02F808FEECF316311A643 /* ServiceInfo.swift in Sources */,
				9626AB33EC668A3BAC9FCE4F /* ServiceListTabView.swift in Sources */,
				E6DF519EDAC2B1898FB3FAB1 /* ServicesRepository.swift in Sources */,
				5AFFADA1661B1BE0609F5A74 /* Snackbar.swift in Sources */,
				66118BD641682145EBA08AA1 /* Statement.swift in Sources */,
				37560600E5FE38D6C0D25F33 /* StatementListView.swift in Sources */,
				68A61FA36259B4F785B499A4 /* StatementPDF.swift in Sources */,
				BF9FF618585CF9BE2D650A8A /* TabBar.swift in Sources */,
				186D5E4E536CD6BA77B44A7E /* TabMockups.swift in Sources */,
				FCC5BC5D32A274EBDB02B6DB /* Theme.swift in Sources */,
				84B347EB4784B7B363B26AD7 /* TimeInputDialog.swift in Sources */,
				675252EF32643B28FB9EED23 /* VacationPeriod.swift in Sources */,
				8F20737453DCBBADCFFDD979 /* VacationPeriodEdit.swift in Sources */,
				751F358F120AB404BBCB8687 /* VacationPeriodRepository.swift in Sources */,
				07A3336A9AE2BD9506A381B0 /* VacationPlanningView.swift in Sources */,
				0F99B31D6D6D55BA6259B391 /* WeeklySchedulePDF.swift in Sources */,
				D57CA6C215AAF8A66D2E7E8F /* WeeklyScheduleView.swift in Sources */,
				0D83B35BD9E119FD4E72B988 /* YearlySchedulePDF.swift in Sources */,
				82ADF591C9251E897C301835 /* YearlyScheduleView.swift in Sources */,
			);
			runOnlyForDeploymentPostprocessing = 0;
		};
		B4EB3C89A2E010F146BF4A09 /* Sources */ = {
			isa = PBXSourcesBuildPhase;
			buildActionMask = 2147483647;
			files = (
				6FB16CCBDA15651250BEAB1A /* ChildFolderActionTests.swift in Sources */,
				5888419AEB8BEDB2BCBF1EE9 /* InvoiceNotificationTests.swift in Sources */,
				57265E437650AE531A5BBF5E /* InvoicePDFTests.swift in Sources */,
				61C1326F1CD8FCAE587125A9 /* InvoiceTests.swift in Sources */,
				1F7E84A469A1F341C026EE6B /* SchemaTests.swift in Sources */,
				A35EDA5410BF3D7AE18B9DBB /* ServiceTests.swift in Sources */,
				746CA8AA3A7349DEFA3DFF29 /* VacationPeriodEditTests.swift in Sources */,
				21E4E2646C1DE3F073D84866 /* WeeklyScheduleTests.swift in Sources */,
				964A8603979670353B347F23 /* YearlyScheduleTests.swift in Sources */,
			);
			runOnlyForDeploymentPostprocessing = 0;
		};
/* End PBXSourcesBuildPhase section */

/* Begin PBXTargetDependency section */
		96F8A5FD33E69B31FE204CD3 /* PBXTargetDependency */ = {
			isa = PBXTargetDependency;
			target = 83101E0DF5C2CF9A1CD6EC15 /* NannyPlus-iOS */;
			targetProxy = 050790168B985030B7C92558 /* PBXContainerItemProxy */;
		};
/* End PBXTargetDependency section */

/* Begin XCBuildConfiguration section */
		10EC97FAF3F1CDB7112EF5C6 /* Release */ = {
			isa = XCBuildConfiguration;
			buildSettings = {
				ASSETCATALOG_COMPILER_APPICON_NAME = AppIcon;
				CODE_SIGN_IDENTITY = "iPhone Developer";
				INFOPLIST_KEY_UILaunchScreen_Generation = YES;
				INFOPLIST_KEY_UISupportedInterfaceOrientations_iPad = (
					UIInterfaceOrientationPortrait,
					UIInterfaceOrientationPortraitUpsideDown,
					UIInterfaceOrientationLandscapeLeft,
					UIInterfaceOrientationLandscapeRight,
				);
				INFOPLIST_KEY_UISupportedInterfaceOrientations_iPhone = (
					UIInterfaceOrientationPortrait,
					UIInterfaceOrientationLandscapeLeft,
					UIInterfaceOrientationLandscapeRight,
				);
				LD_RUNPATH_SEARCH_PATHS = (
					"$(inherited)",
					"@executable_path/Frameworks",
				);
				PRODUCT_BUNDLE_IDENTIFIER = ch.frenchguy.nannyplus;
				PRODUCT_NAME = NannyPlus;
				SDKROOT = iphoneos;
				TARGETED_DEVICE_FAMILY = "1,2";
			};
			name = Release;
		};
		142BD06515FDA919CB8DB8C4 /* Release */ = {
			isa = XCBuildConfiguration;
			buildSettings = {
				ALWAYS_SEARCH_USER_PATHS = NO;
				ASSETCATALOG_COMPILER_APPICON_NAME = AppIcon;
				CLANG_ANALYZER_NONNULL = YES;
				CLANG_ANALYZER_NUMBER_OBJECT_CONVERSION = YES_AGGRESSIVE;
				CLANG_CXX_LANGUAGE_STANDARD = "gnu++14";
				CLANG_CXX_LIBRARY = "libc++";
				CLANG_ENABLE_MODULES = YES;
				CLANG_ENABLE_OBJC_ARC = YES;
				CLANG_ENABLE_OBJC_WEAK = YES;
				CLANG_WARN_BLOCK_CAPTURE_AUTORELEASING = YES;
				CLANG_WARN_BOOL_CONVERSION = YES;
				CLANG_WARN_COMMA = YES;
				CLANG_WARN_CONSTANT_CONVERSION = YES;
				CLANG_WARN_DEPRECATED_OBJC_IMPLEMENTATIONS = YES;
				CLANG_WARN_DIRECT_OBJC_ISA_USAGE = YES_ERROR;
				CLANG_WARN_DOCUMENTATION_COMMENTS = YES;
				CLANG_WARN_EMPTY_BODY = YES;
				CLANG_WARN_ENUM_CONVERSION = YES;
				CLANG_WARN_INFINITE_RECURSION = YES;
				CLANG_WARN_INT_CONVERSION = YES;
				CLANG_WARN_NON_LITERAL_NULL_CONVERSION = YES;
				CLANG_WARN_OBJC_IMPLICIT_RETAIN_SELF = YES;
				CLANG_WARN_OBJC_LITERAL_CONVERSION = YES;
				CLANG_WARN_OBJC_ROOT_CLASS = YES_ERROR;
				CLANG_WARN_QUOTED_INCLUDE_IN_FRAMEWORK_HEADER = YES;
				CLANG_WARN_RANGE_LOOP_ANALYSIS = YES;
				CLANG_WARN_STRICT_PROTOTYPES = YES;
				CLANG_WARN_SUSPICIOUS_MOVE = YES;
				CLANG_WARN_UNGUARDED_AVAILABILITY = YES_AGGRESSIVE;
				CLANG_WARN_UNREACHABLE_CODE = YES;
				CLANG_WARN__DUPLICATE_METHOD_MATCH = YES;
				COPY_PHASE_STRIP = NO;
				CURRENT_PROJECT_VERSION = 1;
				DEBUG_INFORMATION_FORMAT = "dwarf-with-dsym";
				DEVELOPMENT_TEAM = WFMP87LTRX;
				ENABLE_NS_ASSERTIONS = NO;
				ENABLE_STRICT_OBJC_MSGSEND = YES;
				GCC_C_LANGUAGE_STANDARD = gnu11;
				GCC_NO_COMMON_BLOCKS = YES;
				GCC_WARN_64_TO_32_BIT_CONVERSION = YES;
				GCC_WARN_ABOUT_RETURN_TYPE = YES_ERROR;
				GCC_WARN_UNDECLARED_SELECTOR = YES;
				GCC_WARN_UNINITIALIZED_AUTOS = YES_AGGRESSIVE;
				GCC_WARN_UNUSED_FUNCTION = YES;
				GCC_WARN_UNUSED_VARIABLE = YES;
				GENERATE_INFOPLIST_FILE = YES;
				INFOPLIST_KEY_CFBundleDisplayName = "Nanny+";
				INFOPLIST_KEY_ITSAppUsesNonExemptEncryption = NO;
				IPHONEOS_DEPLOYMENT_TARGET = 26.0;
				MARKETING_VERSION = 2.0.0;
				MTL_ENABLE_DEBUG_INFO = NO;
				MTL_FAST_MATH = YES;
				PRODUCT_NAME = "$(TARGET_NAME)";
				SDKROOT = iphoneos;
				SWIFT_COMPILATION_MODE = wholemodule;
				SWIFT_OPTIMIZATION_LEVEL = "-O";
				SWIFT_STRICT_CONCURRENCY = complete;
				SWIFT_VERSION = 6.0;
			};
			name = Release;
		};
		6067B4017AD4E951EBAC3BD3 /* Debug */ = {
			isa = XCBuildConfiguration;
			buildSettings = {
				ASSETCATALOG_COMPILER_APPICON_NAME = AppIcon;
				CODE_SIGN_IDENTITY = "iPhone Developer";
				INFOPLIST_KEY_UILaunchScreen_Generation = YES;
				INFOPLIST_KEY_UISupportedInterfaceOrientations_iPad = (
					UIInterfaceOrientationPortrait,
					UIInterfaceOrientationPortraitUpsideDown,
					UIInterfaceOrientationLandscapeLeft,
					UIInterfaceOrientationLandscapeRight,
				);
				INFOPLIST_KEY_UISupportedInterfaceOrientations_iPhone = (
					UIInterfaceOrientationPortrait,
					UIInterfaceOrientationLandscapeLeft,
					UIInterfaceOrientationLandscapeRight,
				);
				LD_RUNPATH_SEARCH_PATHS = (
					"$(inherited)",
					"@executable_path/Frameworks",
				);
				PRODUCT_BUNDLE_IDENTIFIER = ch.frenchguy.nannyplus;
				PRODUCT_NAME = NannyPlus;
				SDKROOT = iphoneos;
				TARGETED_DEVICE_FAMILY = "1,2";
			};
			name = Debug;
		};
		AA3E9A5D602F548B787B8458 /* Release */ = {
			isa = XCBuildConfiguration;
			buildSettings = {
				BUNDLE_LOADER = "$(TEST_HOST)";
				LD_RUNPATH_SEARCH_PATHS = (
					"$(inherited)",
					"@executable_path/Frameworks",
					"@loader_path/Frameworks",
				);
				PRODUCT_BUNDLE_IDENTIFIER = ch.frenchguy.nannyplus.tests;
				SDKROOT = iphoneos;
				TARGETED_DEVICE_FAMILY = "1,2";
				TEST_HOST = "$(BUILT_PRODUCTS_DIR)/NannyPlus.app/NannyPlus";
			};
			name = Release;
		};
		D51F4E80D602BCD0C8F6043D /* Debug */ = {
			isa = XCBuildConfiguration;
			buildSettings = {
				ALWAYS_SEARCH_USER_PATHS = NO;
				ASSETCATALOG_COMPILER_APPICON_NAME = AppIcon;
				CLANG_ANALYZER_NONNULL = YES;
				CLANG_ANALYZER_NUMBER_OBJECT_CONVERSION = YES_AGGRESSIVE;
				CLANG_CXX_LANGUAGE_STANDARD = "gnu++14";
				CLANG_CXX_LIBRARY = "libc++";
				CLANG_ENABLE_MODULES = YES;
				CLANG_ENABLE_OBJC_ARC = YES;
				CLANG_ENABLE_OBJC_WEAK = YES;
				CLANG_WARN_BLOCK_CAPTURE_AUTORELEASING = YES;
				CLANG_WARN_BOOL_CONVERSION = YES;
				CLANG_WARN_COMMA = YES;
				CLANG_WARN_CONSTANT_CONVERSION = YES;
				CLANG_WARN_DEPRECATED_OBJC_IMPLEMENTATIONS = YES;
				CLANG_WARN_DIRECT_OBJC_ISA_USAGE = YES_ERROR;
				CLANG_WARN_DOCUMENTATION_COMMENTS = YES;
				CLANG_WARN_EMPTY_BODY = YES;
				CLANG_WARN_ENUM_CONVERSION = YES;
				CLANG_WARN_INFINITE_RECURSION = YES;
				CLANG_WARN_INT_CONVERSION = YES;
				CLANG_WARN_NON_LITERAL_NULL_CONVERSION = YES;
				CLANG_WARN_OBJC_IMPLICIT_RETAIN_SELF = YES;
				CLANG_WARN_OBJC_LITERAL_CONVERSION = YES;
				CLANG_WARN_OBJC_ROOT_CLASS = YES_ERROR;
				CLANG_WARN_QUOTED_INCLUDE_IN_FRAMEWORK_HEADER = YES;
				CLANG_WARN_RANGE_LOOP_ANALYSIS = YES;
				CLANG_WARN_STRICT_PROTOTYPES = YES;
				CLANG_WARN_SUSPICIOUS_MOVE = YES;
				CLANG_WARN_UNGUARDED_AVAILABILITY = YES_AGGRESSIVE;
				CLANG_WARN_UNREACHABLE_CODE = YES;
				CLANG_WARN__DUPLICATE_METHOD_MATCH = YES;
				COPY_PHASE_STRIP = NO;
				CURRENT_PROJECT_VERSION = 1;
				DEBUG_INFORMATION_FORMAT = dwarf;
				DEVELOPMENT_TEAM = WFMP87LTRX;
				ENABLE_STRICT_OBJC_MSGSEND = YES;
				ENABLE_TESTABILITY = YES;
				GCC_C_LANGUAGE_STANDARD = gnu11;
				GCC_DYNAMIC_NO_PIC = NO;
				GCC_NO_COMMON_BLOCKS = YES;
				GCC_OPTIMIZATION_LEVEL = 0;
				GCC_PREPROCESSOR_DEFINITIONS = (
					"$(inherited)",
					"DEBUG=1",
				);
				GCC_WARN_64_TO_32_BIT_CONVERSION = YES;
				GCC_WARN_ABOUT_RETURN_TYPE = YES_ERROR;
				GCC_WARN_UNDECLARED_SELECTOR = YES;
				GCC_WARN_UNINITIALIZED_AUTOS = YES_AGGRESSIVE;
				GCC_WARN_UNUSED_FUNCTION = YES;
				GCC_WARN_UNUSED_VARIABLE = YES;
				GENERATE_INFOPLIST_FILE = YES;
				INFOPLIST_KEY_CFBundleDisplayName = "Nanny+";
				INFOPLIST_KEY_ITSAppUsesNonExemptEncryption = NO;
				IPHONEOS_DEPLOYMENT_TARGET = 26.0;
				MARKETING_VERSION = 2.0.0;
				MTL_ENABLE_DEBUG_INFO = INCLUDE_SOURCE;
				MTL_FAST_MATH = YES;
				ONLY_ACTIVE_ARCH = YES;
				PRODUCT_NAME = "$(TARGET_NAME)";
				SDKROOT = iphoneos;
				SWIFT_ACTIVE_COMPILATION_CONDITIONS = DEBUG;
				SWIFT_OPTIMIZATION_LEVEL = "-Onone";
				SWIFT_STRICT_CONCURRENCY = complete;
				SWIFT_VERSION = 6.0;
			};
			name = Debug;
		};
		E58F20B28CFC84602A40DFFA /* Debug */ = {
			isa = XCBuildConfiguration;
			buildSettings = {
				BUNDLE_LOADER = "$(TEST_HOST)";
				LD_RUNPATH_SEARCH_PATHS = (
					"$(inherited)",
					"@executable_path/Frameworks",
					"@loader_path/Frameworks",
				);
				PRODUCT_BUNDLE_IDENTIFIER = ch.frenchguy.nannyplus.tests;
				SDKROOT = iphoneos;
				TARGETED_DEVICE_FAMILY = "1,2";
				TEST_HOST = "$(BUILT_PRODUCTS_DIR)/NannyPlus.app/NannyPlus";
			};
			name = Debug;
		};
/* End XCBuildConfiguration section */

/* Begin XCConfigurationList section */
		91ABB699401050E3146F11B1 /* Build configuration list for PBXNativeTarget "NannyPlus-iOS" */ = {
			isa = XCConfigurationList;
			buildConfigurations = (
				6067B4017AD4E951EBAC3BD3 /* Debug */,
				10EC97FAF3F1CDB7112EF5C6 /* Release */,
			);
			defaultConfigurationIsVisible = 0;
			defaultConfigurationName = Debug;
		};
		C05C2E05DF95546811A65138 /* Build configuration list for PBXNativeTarget "NannyPlusTests" */ = {
			isa = XCConfigurationList;
			buildConfigurations = (
				E58F20B28CFC84602A40DFFA /* Debug */,
				AA3E9A5D602F548B787B8458 /* Release */,
			);
			defaultConfigurationIsVisible = 0;
			defaultConfigurationName = Debug;
		};
		C1F0FB70506E9E129CD6EB7D /* Build configuration list for PBXProject "NannyPlus" */ = {
			isa = XCConfigurationList;
			buildConfigurations = (
				D51F4E80D602BCD0C8F6043D /* Debug */,
				142BD06515FDA919CB8DB8C4 /* Release */,
			);
			defaultConfigurationIsVisible = 0;
			defaultConfigurationName = Debug;
		};
/* End XCConfigurationList section */

/* Begin XCRemoteSwiftPackageReference section */
		6FCFD849AD68A3EBD525E195 /* XCRemoteSwiftPackageReference "GRDB.swift" */ = {
			isa = XCRemoteSwiftPackageReference;
			repositoryURL = "https://github.com/groue/GRDB.swift";
			requirement = {
				kind = upToNextMajorVersion;
				minimumVersion = 7.0.0;
			};
		};
/* End XCRemoteSwiftPackageReference section */

/* Begin XCSwiftPackageProductDependency section */
		337523B1FFA6CF8E7367297A /* GRDB */ = {
			isa = XCSwiftPackageProductDependency;
			package = 6FCFD849AD68A3EBD525E195 /* XCRemoteSwiftPackageReference "GRDB.swift" */;
			productName = GRDB;
		};
		6DCAC9A581823E8925B6BCC7 /* GRDB */ = {
			isa = XCSwiftPackageProductDependency;
			package = 6FCFD849AD68A3EBD525E195 /* XCRemoteSwiftPackageReference "GRDB.swift" */;
			productName = GRDB;
		};
/* End XCSwiftPackageProductDependency section */
	};
	rootObject = 2FEAC84A55922A03CF168256 /* Project object */;
}
